// !$*UTF8*$!
{
	archiveVersion = 1;
	classes = {
	};
	objectVersion = 56;
	objects = {

/* Begin PBXBuildFile section */
		E00B7F4D2BD2F0CD00637D04 /* RoomItem.swift in Sources */ = {isa = PBXBuildFile; fileRef = E00B7F4C2BD2F0CD00637D04 /* RoomItem.swift */; };
		E00B7F4F2BD2F1BA00637D04 /* RoomImages.swift in Sources */ = {isa = PBXBuildFile; fileRef = E00B7F4E2BD2F1BA00637D04 /* RoomImages.swift */; };
		E00B7F512BD2F24E00637D04 /* RoomAddressInfo.swift in Sources */ = {isa = PBXBuildFile; fileRef = E00B7F502BD2F24E00637D04 /* RoomAddressInfo.swift */; };
		E00B7F542BD2F2AF00637D04 /* TestRoomData.swift in Sources */ = {isa = PBXBuildFile; fileRef = E00B7F532BD2F2AF00637D04 /* TestRoomData.swift */; };
		E00B7F562BD2F4E300637D04 /* RoomMap.swift in Sources */ = {isa = PBXBuildFile; fileRef = E00B7F552BD2F4E300637D04 /* RoomMap.swift */; };
		E00B7F5C2BD3087A00637D04 /* RoomProps.swift in Sources */ = {isa = PBXBuildFile; fileRef = E00B7F5B2BD3087A00637D04 /* RoomProps.swift */; };
		E00DE2972BC4B9A40006AF8A /* ProfilePicture.swift in Sources */ = {isa = PBXBuildFile; fileRef = E00DE2962BC4B9A40006AF8A /* ProfilePicture.swift */; };
		E01566DB2BCC8FDF0037A960 /* RoomPhotoPicker.swift in Sources */ = {isa = PBXBuildFile; fileRef = E01566DA2BCC8FDF0037A960 /* RoomPhotoPicker.swift */; };
		E01566DD2BCC9C080037A960 /* CreateRoomView.swift in Sources */ = {isa = PBXBuildFile; fileRef = E01566DC2BCC9C080037A960 /* CreateRoomView.swift */; };
		E019DB382BD5CA9D00F1C467 /* EmptyListView.swift in Sources */ = {isa = PBXBuildFile; fileRef = E019DB372BD5CA9D00F1C467 /* EmptyListView.swift */; };
		E037292F2BC09CA900B6E9B4 /* AppUser.swift in Sources */ = {isa = PBXBuildFile; fileRef = E037292E2BC09CA900B6E9B4 /* AppUser.swift */; };
		E03729322BC09D0600B6E9B4 /* UserProtocol.swift in Sources */ = {isa = PBXBuildFile; fileRef = E03729312BC09D0600B6E9B4 /* UserProtocol.swift */; };
		E0438E762BCF3FB700660AE6 /* RoomDetailView.swift in Sources */ = {isa = PBXBuildFile; fileRef = E0438E752BCF3FB700660AE6 /* RoomDetailView.swift */; };
		E0438E782BCF3FC500660AE6 /* RoomDetailViewModel.swift in Sources */ = {isa = PBXBuildFile; fileRef = E0438E772BCF3FC500660AE6 /* RoomDetailViewModel.swift */; };
		E04E51D42BC1F29C00F71F01 /* LoginView.swift in Sources */ = {isa = PBXBuildFile; fileRef = E04E51D32BC1F29C00F71F01 /* LoginView.swift */; };
		E04E51D62BC1F2A800F71F01 /* LoginViewModel.swift in Sources */ = {isa = PBXBuildFile; fileRef = E04E51D52BC1F2A800F71F01 /* LoginViewModel.swift */; };
		E04E51DA2BC1F97000F71F01 /* GreetingsView.swift in Sources */ = {isa = PBXBuildFile; fileRef = E04E51D92BC1F97000F71F01 /* GreetingsView.swift */; };
		E059FBBE2BC350D6005AD02C /* HomeView.swift in Sources */ = {isa = PBXBuildFile; fileRef = E059FBBD2BC350D6005AD02C /* HomeView.swift */; };
		E059FBC02BC350E1005AD02C /* HomeViewModel.swift in Sources */ = {isa = PBXBuildFile; fileRef = E059FBBF2BC350E1005AD02C /* HomeViewModel.swift */; };
		E059FBC42BC3511B005AD02C /* AccountViewModel.swift in Sources */ = {isa = PBXBuildFile; fileRef = E059FBC32BC3511B005AD02C /* AccountViewModel.swift */; };
		E059FBC62BC35126005AD02C /* AccountView.swift in Sources */ = {isa = PBXBuildFile; fileRef = E059FBC52BC35126005AD02C /* AccountView.swift */; };
		E059FBCA2BC35191005AD02C /* SavedRoomsView.swift in Sources */ = {isa = PBXBuildFile; fileRef = E059FBC92BC35191005AD02C /* SavedRoomsView.swift */; };
		E059FBCC2BC351A1005AD02C /* SavedRoomsViewModel.swift in Sources */ = {isa = PBXBuildFile; fileRef = E059FBCB2BC351A1005AD02C /* SavedRoomsViewModel.swift */; };
		E059FBCF2BC351BC005AD02C /* MessagesViewModel.swift in Sources */ = {isa = PBXBuildFile; fileRef = E059FBCE2BC351BC005AD02C /* MessagesViewModel.swift */; };
		E059FBD12BC351C3005AD02C /* MessagesView.swift in Sources */ = {isa = PBXBuildFile; fileRef = E059FBD02BC351C3005AD02C /* MessagesView.swift */; };
		E059FBD32BC35273005AD02C /* MainView.swift in Sources */ = {isa = PBXBuildFile; fileRef = E059FBD22BC35273005AD02C /* MainView.swift */; };
		E06617D22BBEFB460001723C /* RoommateApp.swift in Sources */ = {isa = PBXBuildFile; fileRef = E06617D12BBEFB460001723C /* RoommateApp.swift */; };
		E06617D42BBEFB460001723C /* ContentView.swift in Sources */ = {isa = PBXBuildFile; fileRef = E06617D32BBEFB460001723C /* ContentView.swift */; };
		E06617D62BBEFB470001723C /* Assets.xcassets in Resources */ = {isa = PBXBuildFile; fileRef = E06617D52BBEFB470001723C /* Assets.xcassets */; };
		E06617DA2BBEFB470001723C /* Preview Assets.xcassets in Resources */ = {isa = PBXBuildFile; fileRef = E06617D92BBEFB470001723C /* Preview Assets.xcassets */; };
		E06617E42BBEFB470001723C /* RoommateTests.swift in Sources */ = {isa = PBXBuildFile; fileRef = E06617E32BBEFB470001723C /* RoommateTests.swift */; };
		E06617EE2BBEFB470001723C /* RoommateUITests.swift in Sources */ = {isa = PBXBuildFile; fileRef = E06617ED2BBEFB470001723C /* RoommateUITests.swift */; };
		E06617F02BBEFB470001723C /* RoommateUITestsLaunchTests.swift in Sources */ = {isa = PBXBuildFile; fileRef = E06617EF2BBEFB470001723C /* RoommateUITestsLaunchTests.swift */; };
		E06617FF2BBF03E60001723C /* DataManager.swift in Sources */ = {isa = PBXBuildFile; fileRef = E06617FE2BBF03E60001723C /* DataManager.swift */; };
		E06618022BBF04230001723C /* RequestTypes.swift in Sources */ = {isa = PBXBuildFile; fileRef = E06618012BBF04230001723C /* RequestTypes.swift */; };
		E06618042BBF04C10001723C /* QueryObjects.swift in Sources */ = {isa = PBXBuildFile; fileRef = E06618032BBF04C10001723C /* QueryObjects.swift */; };
		E06618072BBF06940001723C /* User.swift in Sources */ = {isa = PBXBuildFile; fileRef = E06618062BBF06940001723C /* User.swift */; };
		E06618092BBF07240001723C /* Room.swift in Sources */ = {isa = PBXBuildFile; fileRef = E06618082BBF07240001723C /* Room.swift */; };
		E066180B2BBF0D520001723C /* Endpoints.swift in Sources */ = {isa = PBXBuildFile; fileRef = E066180A2BBF0D520001723C /* Endpoints.swift */; };
		E066180F2BBF1DD90001723C /* UserManager.swift in Sources */ = {isa = PBXBuildFile; fileRef = E066180E2BBF1DD90001723C /* UserManager.swift */; };
		E06618112BBF20E10001723C /* RoomManager.swift in Sources */ = {isa = PBXBuildFile; fileRef = E06618102BBF20E10001723C /* RoomManager.swift */; };
		E074EDD92BC4327900346D14 /* TabScreen.swift in Sources */ = {isa = PBXBuildFile; fileRef = E074EDD82BC4327900346D14 /* TabScreen.swift */; };
		E0A3C8632BC6080F00D488B0 /* RoomProtocol.swift in Sources */ = {isa = PBXBuildFile; fileRef = E0A3C8622BC6080F00D488B0 /* RoomProtocol.swift */; };
		E0A3C8672BC6089800D488B0 /* SavedRoom.swift in Sources */ = {isa = PBXBuildFile; fileRef = E0A3C8662BC6089800D488B0 /* SavedRoom.swift */; };
		E0B6297F2BCB20330053B718 /* RoomCreateLocationView.swift in Sources */ = {isa = PBXBuildFile; fileRef = E0B6297E2BCB20330053B718 /* RoomCreateLocationView.swift */; };
		E0C8FFF42BD40B250098D4BD /* FilterSelectionView.swift in Sources */ = {isa = PBXBuildFile; fileRef = E0C8FFF32BD40B250098D4BD /* FilterSelectionView.swift */; };
		E0CD1E5B2BCC8A6A0054EC53 /* SearchField.swift in Sources */ = {isa = PBXBuildFile; fileRef = E0CD1E5A2BCC8A6A0054EC53 /* SearchField.swift */; };
		E0D3E4FD2BD6C7C1004B5390 /* UserRoomView.swift in Sources */ = {isa = PBXBuildFile; fileRef = E0D3E4FC2BD6C7C1004B5390 /* UserRoomView.swift */; };
		E0D3E4FF2BD6C806004B5390 /* UserRoomViewModel.swift in Sources */ = {isa = PBXBuildFile; fileRef = E0D3E4FE2BD6C806004B5390 /* UserRoomViewModel.swift */; };
		E0E328D92BC4A42300839513 /* UserSettingsView.swift in Sources */ = {isa = PBXBuildFile; fileRef = E0E328D82BC4A42300839513 /* UserSettingsView.swift */; };
		E0E328DB2BC4B0A500839513 /* ChangePasswordView.swift in Sources */ = {isa = PBXBuildFile; fileRef = E0E328DA2BC4B0A500839513 /* ChangePasswordView.swift */; };
		E0EC35682BC57E0600559568 /* Encodable.swift in Sources */ = {isa = PBXBuildFile; fileRef = E0EC35672BC57E0600559568 /* Encodable.swift */; };
		E0EC356D2BC5856B00559568 /* ImageSize.swift in Sources */ = {isa = PBXBuildFile; fileRef = E0EC356C2BC5856B00559568 /* ImageSize.swift */; };
		E0EC35722BC58AF200559568 /* ImageManager.swift in Sources */ = {isa = PBXBuildFile; fileRef = E0EC35712BC58AF200559568 /* ImageManager.swift */; };
		E0EC35752BC58F1800559568 /* UserPhotoPicker.swift in Sources */ = {isa = PBXBuildFile; fileRef = E0EC35742BC58F1800559568 /* UserPhotoPicker.swift */; };
		E0F332552BC1B04600FBF9EC /* RegisterView.swift in Sources */ = {isa = PBXBuildFile; fileRef = E0F332542BC1B04600FBF9EC /* RegisterView.swift */; };
		E0F332572BC1B05100FBF9EC /* RegisterViewModel.swift in Sources */ = {isa = PBXBuildFile; fileRef = E0F332562BC1B05100FBF9EC /* RegisterViewModel.swift */; };
		E0F332602BC1CF6200FBF9EC /* Utils.swift in Sources */ = {isa = PBXBuildFile; fileRef = E0F3325F2BC1CF6200FBF9EC /* Utils.swift */; };
		E0F332622BC1CF8400FBF9EC /* DateInput.swift in Sources */ = {isa = PBXBuildFile; fileRef = E0F332612BC1CF8400FBF9EC /* DateInput.swift */; };
		E0F332642BC1D25300FBF9EC /* FormButton.swift in Sources */ = {isa = PBXBuildFile; fileRef = E0F332632BC1D25300FBF9EC /* FormButton.swift */; };
		E0FCC4142BCDA02B0002AF67 /* RoomCreateDetailsView.swift in Sources */ = {isa = PBXBuildFile; fileRef = E0FCC4132BCDA02B0002AF67 /* RoomCreateDetailsView.swift */; };
		E0FCC4182BCDA9090002AF67 /* FormInput.swift in Sources */ = {isa = PBXBuildFile; fileRef = E0FCC4172BCDA9090002AF67 /* FormInput.swift */; };
		E0FCC41A2BCDC10D0002AF67 /* CreateRoomViewModel.swift in Sources */ = {isa = PBXBuildFile; fileRef = E0FCC4192BCDC10D0002AF67 /* CreateRoomViewModel.swift */; };
		E0FCC41C2BCDC3170002AF67 /* CreateRoomScreen.swift in Sources */ = {isa = PBXBuildFile; fileRef = E0FCC41B2BCDC3170002AF67 /* CreateRoomScreen.swift */; };
/* End PBXBuildFile section */

/* Begin PBXContainerItemProxy section */
		E06617E02BBEFB470001723C /* PBXContainerItemProxy */ = {
			isa = PBXContainerItemProxy;
			containerPortal = E06617C62BBEFB460001723C /* Project object */;
			proxyType = 1;
			remoteGlobalIDString = E06617CD2BBEFB460001723C;
			remoteInfo = Roommate;
		};
		E06617EA2BBEFB470001723C /* PBXContainerItemProxy */ = {
			isa = PBXContainerItemProxy;
			containerPortal = E06617C62BBEFB460001723C /* Project object */;
			proxyType = 1;
			remoteGlobalIDString = E06617CD2BBEFB460001723C;
			remoteInfo = Roommate;
		};
/* End PBXContainerItemProxy section */

/* Begin PBXFileReference section */
		E00B7F4C2BD2F0CD00637D04 /* RoomItem.swift */ = {isa = PBXFileReference; lastKnownFileType = sourcecode.swift; path = RoomItem.swift; sourceTree = "<group>"; };
		E00B7F4E2BD2F1BA00637D04 /* RoomImages.swift */ = {isa = PBXFileReference; lastKnownFileType = sourcecode.swift; path = RoomImages.swift; sourceTree = "<group>"; };
		E00B7F502BD2F24E00637D04 /* RoomAddressInfo.swift */ = {isa = PBXFileReference; lastKnownFileType = sourcecode.swift; path = RoomAddressInfo.swift; sourceTree = "<group>"; };
		E00B7F532BD2F2AF00637D04 /* TestRoomData.swift */ = {isa = PBXFileReference; lastKnownFileType = sourcecode.swift; path = TestRoomData.swift; sourceTree = "<group>"; };
		E00B7F552BD2F4E300637D04 /* RoomMap.swift */ = {isa = PBXFileReference; lastKnownFileType = sourcecode.swift; path = RoomMap.swift; sourceTree = "<group>"; };
		E00B7F5B2BD3087A00637D04 /* RoomProps.swift */ = {isa = PBXFileReference; lastKnownFileType = sourcecode.swift; path = RoomProps.swift; sourceTree = "<group>"; };
		E00DE2962BC4B9A40006AF8A /* ProfilePicture.swift */ = {isa = PBXFileReference; lastKnownFileType = sourcecode.swift; path = ProfilePicture.swift; sourceTree = "<group>"; };
		E01566DA2BCC8FDF0037A960 /* RoomPhotoPicker.swift */ = {isa = PBXFileReference; lastKnownFileType = sourcecode.swift; path = RoomPhotoPicker.swift; sourceTree = "<group>"; };
		E01566DC2BCC9C080037A960 /* CreateRoomView.swift */ = {isa = PBXFileReference; lastKnownFileType = sourcecode.swift; path = CreateRoomView.swift; sourceTree = "<group>"; };
		E019DB372BD5CA9D00F1C467 /* EmptyListView.swift */ = {isa = PBXFileReference; lastKnownFileType = sourcecode.swift; path = EmptyListView.swift; sourceTree = "<group>"; };
		E037292E2BC09CA900B6E9B4 /* AppUser.swift */ = {isa = PBXFileReference; lastKnownFileType = sourcecode.swift; path = AppUser.swift; sourceTree = "<group>"; };
		E03729312BC09D0600B6E9B4 /* UserProtocol.swift */ = {isa = PBXFileReference; lastKnownFileType = sourcecode.swift; path = UserProtocol.swift; sourceTree = "<group>"; };
		E0438E752BCF3FB700660AE6 /* RoomDetailView.swift */ = {isa = PBXFileReference; lastKnownFileType = sourcecode.swift; path = RoomDetailView.swift; sourceTree = "<group>"; };
		E0438E772BCF3FC500660AE6 /* RoomDetailViewModel.swift */ = {isa = PBXFileReference; lastKnownFileType = sourcecode.swift; path = RoomDetailViewModel.swift; sourceTree = "<group>"; };
		E04E51D32BC1F29C00F71F01 /* LoginView.swift */ = {isa = PBXFileReference; lastKnownFileType = sourcecode.swift; path = LoginView.swift; sourceTree = "<group>"; };
		E04E51D52BC1F2A800F71F01 /* LoginViewModel.swift */ = {isa = PBXFileReference; lastKnownFileType = sourcecode.swift; path = LoginViewModel.swift; sourceTree = "<group>"; };
		E04E51D92BC1F97000F71F01 /* GreetingsView.swift */ = {isa = PBXFileReference; lastKnownFileType = sourcecode.swift; path = GreetingsView.swift; sourceTree = "<group>"; };
		E059FBBD2BC350D6005AD02C /* HomeView.swift */ = {isa = PBXFileReference; lastKnownFileType = sourcecode.swift; path = HomeView.swift; sourceTree = "<group>"; };
		E059FBBF2BC350E1005AD02C /* HomeViewModel.swift */ = {isa = PBXFileReference; lastKnownFileType = sourcecode.swift; path = HomeViewModel.swift; sourceTree = "<group>"; };
		E059FBC32BC3511B005AD02C /* AccountViewModel.swift */ = {isa = PBXFileReference; lastKnownFileType = sourcecode.swift; path = AccountViewModel.swift; sourceTree = "<group>"; };
		E059FBC52BC35126005AD02C /* AccountView.swift */ = {isa = PBXFileReference; lastKnownFileType = sourcecode.swift; path = AccountView.swift; sourceTree = "<group>"; };
		E059FBC92BC35191005AD02C /* SavedRoomsView.swift */ = {isa = PBXFileReference; lastKnownFileType = sourcecode.swift; path = SavedRoomsView.swift; sourceTree = "<group>"; };
		E059FBCB2BC351A1005AD02C /* SavedRoomsViewModel.swift */ = {isa = PBXFileReference; lastKnownFileType = sourcecode.swift; path = SavedRoomsViewModel.swift; sourceTree = "<group>"; };
		E059FBCE2BC351BC005AD02C /* MessagesViewModel.swift */ = {isa = PBXFileReference; lastKnownFileType = sourcecode.swift; path = MessagesViewModel.swift; sourceTree = "<group>"; };
		E059FBD02BC351C3005AD02C /* MessagesView.swift */ = {isa = PBXFileReference; lastKnownFileType = sourcecode.swift; path = MessagesView.swift; sourceTree = "<group>"; };
		E059FBD22BC35273005AD02C /* MainView.swift */ = {isa = PBXFileReference; lastKnownFileType = sourcecode.swift; path = MainView.swift; sourceTree = "<group>"; };
		E06617CE2BBEFB460001723C /* Roommate.app */ = {isa = PBXFileReference; explicitFileType = wrapper.application; includeInIndex = 0; path = Roommate.app; sourceTree = BUILT_PRODUCTS_DIR; };
		E06617D12BBEFB460001723C /* RoommateApp.swift */ = {isa = PBXFileReference; lastKnownFileType = sourcecode.swift; path = RoommateApp.swift; sourceTree = "<group>"; };
		E06617D32BBEFB460001723C /* ContentView.swift */ = {isa = PBXFileReference; lastKnownFileType = sourcecode.swift; path = ContentView.swift; sourceTree = "<group>"; };
		E06617D52BBEFB470001723C /* Assets.xcassets */ = {isa = PBXFileReference; lastKnownFileType = folder.assetcatalog; path = Assets.xcassets; sourceTree = "<group>"; };
		E06617D72BBEFB470001723C /* Roommate.entitlements */ = {isa = PBXFileReference; lastKnownFileType = text.plist.entitlements; path = Roommate.entitlements; sourceTree = "<group>"; };
		E06617D92BBEFB470001723C /* Preview Assets.xcassets */ = {isa = PBXFileReference; lastKnownFileType = folder.assetcatalog; path = "Preview Assets.xcassets"; sourceTree = "<group>"; };
		E06617DF2BBEFB470001723C /* RoommateTests.xctest */ = {isa = PBXFileReference; explicitFileType = wrapper.cfbundle; includeInIndex = 0; path = RoommateTests.xctest; sourceTree = BUILT_PRODUCTS_DIR; };
		E06617E32BBEFB470001723C /* RoommateTests.swift */ = {isa = PBXFileReference; lastKnownFileType = sourcecode.swift; path = RoommateTests.swift; sourceTree = "<group>"; };
		E06617E92BBEFB470001723C /* RoommateUITests.xctest */ = {isa = PBXFileReference; explicitFileType = wrapper.cfbundle; includeInIndex = 0; path = RoommateUITests.xctest; sourceTree = BUILT_PRODUCTS_DIR; };
		E06617ED2BBEFB470001723C /* RoommateUITests.swift */ = {isa = PBXFileReference; lastKnownFileType = sourcecode.swift; path = RoommateUITests.swift; sourceTree = "<group>"; };
		E06617EF2BBEFB470001723C /* RoommateUITestsLaunchTests.swift */ = {isa = PBXFileReference; lastKnownFileType = sourcecode.swift; path = RoommateUITestsLaunchTests.swift; sourceTree = "<group>"; };
		E06617FE2BBF03E60001723C /* DataManager.swift */ = {isa = PBXFileReference; lastKnownFileType = sourcecode.swift; path = DataManager.swift; sourceTree = "<group>"; };
		E06618012BBF04230001723C /* RequestTypes.swift */ = {isa = PBXFileReference; lastKnownFileType = sourcecode.swift; path = RequestTypes.swift; sourceTree = "<group>"; };
		E06618032BBF04C10001723C /* QueryObjects.swift */ = {isa = PBXFileReference; lastKnownFileType = sourcecode.swift; path = QueryObjects.swift; sourceTree = "<group>"; };
		E06618062BBF06940001723C /* User.swift */ = {isa = PBXFileReference; lastKnownFileType = sourcecode.swift; path = User.swift; sourceTree = "<group>"; };
		E06618082BBF07240001723C /* Room.swift */ = {isa = PBXFileReference; lastKnownFileType = sourcecode.swift; path = Room.swift; sourceTree = "<group>"; };
		E066180A2BBF0D520001723C /* Endpoints.swift */ = {isa = PBXFileReference; lastKnownFileType = sourcecode.swift; path = Endpoints.swift; sourceTree = "<group>"; };
		E066180E2BBF1DD90001723C /* UserManager.swift */ = {isa = PBXFileReference; lastKnownFileType = sourcecode.swift; path = UserManager.swift; sourceTree = "<group>"; };
		E06618102BBF20E10001723C /* RoomManager.swift */ = {isa = PBXFileReference; lastKnownFileType = sourcecode.swift; path = RoomManager.swift; sourceTree = "<group>"; };
		E074EDD82BC4327900346D14 /* TabScreen.swift */ = {isa = PBXFileReference; lastKnownFileType = sourcecode.swift; path = TabScreen.swift; sourceTree = "<group>"; };
		E0A3C8622BC6080F00D488B0 /* RoomProtocol.swift */ = {isa = PBXFileReference; lastKnownFileType = sourcecode.swift; path = RoomProtocol.swift; sourceTree = "<group>"; };
		E0A3C8662BC6089800D488B0 /* SavedRoom.swift */ = {isa = PBXFileReference; lastKnownFileType = sourcecode.swift; path = SavedRoom.swift; sourceTree = "<group>"; };
		E0B6297E2BCB20330053B718 /* RoomCreateLocationView.swift */ = {isa = PBXFileReference; lastKnownFileType = sourcecode.swift; path = RoomCreateLocationView.swift; sourceTree = "<group>"; };
		E0C8FFF32BD40B250098D4BD /* FilterSelectionView.swift */ = {isa = PBXFileReference; lastKnownFileType = sourcecode.swift; path = FilterSelectionView.swift; sourceTree = "<group>"; };
		E0CD1E5A2BCC8A6A0054EC53 /* SearchField.swift */ = {isa = PBXFileReference; lastKnownFileType = sourcecode.swift; path = SearchField.swift; sourceTree = "<group>"; };
		E0D3E4FC2BD6C7C1004B5390 /* UserRoomView.swift */ = {isa = PBXFileReference; lastKnownFileType = sourcecode.swift; path = UserRoomView.swift; sourceTree = "<group>"; };
		E0D3E4FE2BD6C806004B5390 /* UserRoomViewModel.swift */ = {isa = PBXFileReference; lastKnownFileType = sourcecode.swift; path = UserRoomViewModel.swift; sourceTree = "<group>"; };
		E0E328D82BC4A42300839513 /* UserSettingsView.swift */ = {isa = PBXFileReference; lastKnownFileType = sourcecode.swift; path = UserSettingsView.swift; sourceTree = "<group>"; };
		E0E328DA2BC4B0A500839513 /* ChangePasswordView.swift */ = {isa = PBXFileReference; lastKnownFileType = sourcecode.swift; path = ChangePasswordView.swift; sourceTree = "<group>"; };
		E0EC35672BC57E0600559568 /* Encodable.swift */ = {isa = PBXFileReference; lastKnownFileType = sourcecode.swift; path = Encodable.swift; sourceTree = "<group>"; };
		E0EC356C2BC5856B00559568 /* ImageSize.swift */ = {isa = PBXFileReference; lastKnownFileType = sourcecode.swift; path = ImageSize.swift; sourceTree = "<group>"; };
		E0EC35712BC58AF200559568 /* ImageManager.swift */ = {isa = PBXFileReference; lastKnownFileType = sourcecode.swift; path = ImageManager.swift; sourceTree = "<group>"; };
		E0EC35742BC58F1800559568 /* UserPhotoPicker.swift */ = {isa = PBXFileReference; lastKnownFileType = sourcecode.swift; path = UserPhotoPicker.swift; sourceTree = "<group>"; };
		E0F332542BC1B04600FBF9EC /* RegisterView.swift */ = {isa = PBXFileReference; lastKnownFileType = sourcecode.swift; path = RegisterView.swift; sourceTree = "<group>"; };
		E0F332562BC1B05100FBF9EC /* RegisterViewModel.swift */ = {isa = PBXFileReference; lastKnownFileType = sourcecode.swift; path = RegisterViewModel.swift; sourceTree = "<group>"; };
		E0F3325F2BC1CF6200FBF9EC /* Utils.swift */ = {isa = PBXFileReference; lastKnownFileType = sourcecode.swift; path = Utils.swift; sourceTree = "<group>"; };
		E0F332612BC1CF8400FBF9EC /* DateInput.swift */ = {isa = PBXFileReference; lastKnownFileType = sourcecode.swift; path = DateInput.swift; sourceTree = "<group>"; };
		E0F332632BC1D25300FBF9EC /* FormButton.swift */ = {isa = PBXFileReference; lastKnownFileType = sourcecode.swift; path = FormButton.swift; sourceTree = "<group>"; };
		E0FCC4132BCDA02B0002AF67 /* RoomCreateDetailsView.swift */ = {isa = PBXFileReference; lastKnownFileType = sourcecode.swift; path = RoomCreateDetailsView.swift; sourceTree = "<group>"; };
		E0FCC4172BCDA9090002AF67 /* FormInput.swift */ = {isa = PBXFileReference; lastKnownFileType = sourcecode.swift; path = FormInput.swift; sourceTree = "<group>"; };
		E0FCC4192BCDC10D0002AF67 /* CreateRoomViewModel.swift */ = {isa = PBXFileReference; lastKnownFileType = sourcecode.swift; path = CreateRoomViewModel.swift; sourceTree = "<group>"; };
		E0FCC41B2BCDC3170002AF67 /* CreateRoomScreen.swift */ = {isa = PBXFileReference; lastKnownFileType = sourcecode.swift; path = CreateRoomScreen.swift; sourceTree = "<group>"; };
/* End PBXFileReference section */

/* Begin PBXFrameworksBuildPhase section */
		E06617CB2BBEFB460001723C /* Frameworks */ = {
			isa = PBXFrameworksBuildPhase;
			buildActionMask = 2147483647;
			files = (
			);
			runOnlyForDeploymentPostprocessing = 0;
		};
		E06617DC2BBEFB470001723C /* Frameworks */ = {
			isa = PBXFrameworksBuildPhase;
			buildActionMask = 2147483647;
			files = (
			);
			runOnlyForDeploymentPostprocessing = 0;
		};
		E06617E62BBEFB470001723C /* Frameworks */ = {
			isa = PBXFrameworksBuildPhase;
			buildActionMask = 2147483647;
			files = (
			);
			runOnlyForDeploymentPostprocessing = 0;
		};
/* End PBXFrameworksBuildPhase section */

/* Begin PBXGroup section */
		E00B7F4B2BD2F0BD00637D04 /* RoomItem */ = {
			isa = PBXGroup;
			children = (
				E00B7F4C2BD2F0CD00637D04 /* RoomItem.swift */,
				E00B7F4E2BD2F1BA00637D04 /* RoomImages.swift */,
				E00B7F502BD2F24E00637D04 /* RoomAddressInfo.swift */,
				E00B7F552BD2F4E300637D04 /* RoomMap.swift */,
				E00B7F5B2BD3087A00637D04 /* RoomProps.swift */,
			);
			path = RoomItem;
			sourceTree = "<group>";
		};
		E00B7F522BD2F29B00637D04 /* TestDatas */ = {
			isa = PBXGroup;
			children = (
				E00B7F532BD2F2AF00637D04 /* TestRoomData.swift */,
			);
			path = TestDatas;
			sourceTree = "<group>";
		};
		E03729302BC09CFA00B6E9B4 /* Protocols */ = {
			isa = PBXGroup;
			children = (
				E03729312BC09D0600B6E9B4 /* UserProtocol.swift */,
				E0A3C8622BC6080F00D488B0 /* RoomProtocol.swift */,
			);
			path = Protocols;
			sourceTree = "<group>";
		};
		E0438E742BCF3F5500660AE6 /* RoomDetail */ = {
			isa = PBXGroup;
			children = (
				E0438E752BCF3FB700660AE6 /* RoomDetailView.swift */,
				E0438E772BCF3FC500660AE6 /* RoomDetailViewModel.swift */,
			);
			path = RoomDetail;
			sourceTree = "<group>";
		};
		E059FBBC2BC350C8005AD02C /* Home */ = {
			isa = PBXGroup;
			children = (
				E059FBBD2BC350D6005AD02C /* HomeView.swift */,
				E059FBBF2BC350E1005AD02C /* HomeViewModel.swift */,
				E0C8FFF32BD40B250098D4BD /* FilterSelectionView.swift */,
			);
			path = Home;
			sourceTree = "<group>";
		};
		E059FBC22BC35104005AD02C /* Account */ = {
			isa = PBXGroup;
			children = (
				E059FBC32BC3511B005AD02C /* AccountViewModel.swift */,
				E059FBC52BC35126005AD02C /* AccountView.swift */,
				E0E328DA2BC4B0A500839513 /* ChangePasswordView.swift */,
			);
			path = Account;
			sourceTree = "<group>";
		};
		E059FBC82BC35176005AD02C /* SavedRooms */ = {
			isa = PBXGroup;
			children = (
				E059FBC92BC35191005AD02C /* SavedRoomsView.swift */,
				E059FBCB2BC351A1005AD02C /* SavedRoomsViewModel.swift */,
			);
			path = SavedRooms;
			sourceTree = "<group>";
		};
		E059FBCD2BC351AA005AD02C /* Messages */ = {
			isa = PBXGroup;
			children = (
				E059FBCE2BC351BC005AD02C /* MessagesViewModel.swift */,
				E059FBD02BC351C3005AD02C /* MessagesView.swift */,
			);
			path = Messages;
			sourceTree = "<group>";
		};
		E06617C52BBEFB460001723C = {
			isa = PBXGroup;
			children = (
				E06617D02BBEFB460001723C /* Roommate */,
				E06617E22BBEFB470001723C /* RoommateTests */,
				E06617EC2BBEFB470001723C /* RoommateUITests */,
				E06617CF2BBEFB460001723C /* Products */,
			);
			sourceTree = "<group>";
		};
		E06617CF2BBEFB460001723C /* Products */ = {
			isa = PBXGroup;
			children = (
				E06617CE2BBEFB460001723C /* Roommate.app */,
				E06617DF2BBEFB470001723C /* RoommateTests.xctest */,
				E06617E92BBEFB470001723C /* RoommateUITests.xctest */,
			);
			name = Products;
			sourceTree = "<group>";
		};
		E06617D02BBEFB460001723C /* Roommate */ = {
			isa = PBXGroup;
			children = (
				E00B7F522BD2F29B00637D04 /* TestDatas */,
				E0EC35702BC58ADF00559568 /* Managers */,
				E0EC35662BC57DF500559568 /* Extensions */,
				E0F332582BC1C58000FBF9EC /* Commons */,
				E0F332512BC1AFEA00FBF9EC /* Views */,
				E03729302BC09CFA00B6E9B4 /* Protocols */,
				E06618052BBF068A0001723C /* Models */,
				E06618002BBF04150001723C /* Helpers */,
				E06617FD2BBF03D70001723C /* Networking */,
				E06617D12BBEFB460001723C /* RoommateApp.swift */,
				E06617D32BBEFB460001723C /* ContentView.swift */,
				E06617D52BBEFB470001723C /* Assets.xcassets */,
				E06617D72BBEFB470001723C /* Roommate.entitlements */,
				E06617D82BBEFB470001723C /* Preview Content */,
			);
			path = Roommate;
			sourceTree = "<group>";
		};
		E06617D82BBEFB470001723C /* Preview Content */ = {
			isa = PBXGroup;
			children = (
				E06617D92BBEFB470001723C /* Preview Assets.xcassets */,
			);
			path = "Preview Content";
			sourceTree = "<group>";
		};
		E06617E22BBEFB470001723C /* RoommateTests */ = {
			isa = PBXGroup;
			children = (
				E06617E32BBEFB470001723C /* RoommateTests.swift */,
			);
			path = RoommateTests;
			sourceTree = "<group>";
		};
		E06617EC2BBEFB470001723C /* RoommateUITests */ = {
			isa = PBXGroup;
			children = (
				E06617ED2BBEFB470001723C /* RoommateUITests.swift */,
				E06617EF2BBEFB470001723C /* RoommateUITestsLaunchTests.swift */,
			);
			path = RoommateUITests;
			sourceTree = "<group>";
		};
		E06617FD2BBF03D70001723C /* Networking */ = {
			isa = PBXGroup;
			children = (
				E06617FE2BBF03E60001723C /* DataManager.swift */,
				E066180A2BBF0D520001723C /* Endpoints.swift */,
				E066180E2BBF1DD90001723C /* UserManager.swift */,
				E06618102BBF20E10001723C /* RoomManager.swift */,
			);
			path = Networking;
			sourceTree = "<group>";
		};
		E06618002BBF04150001723C /* Helpers */ = {
			isa = PBXGroup;
			children = (
				E0EC356B2BC5856000559568 /* Enums */,
				E06618032BBF04C10001723C /* QueryObjects.swift */,
				E0F3325F2BC1CF6200FBF9EC /* Utils.swift */,
			);
			path = Helpers;
			sourceTree = "<group>";
		};
		E06618052BBF068A0001723C /* Models */ = {
			isa = PBXGroup;
			children = (
				E06618062BBF06940001723C /* User.swift */,
				E06618082BBF07240001723C /* Room.swift */,
				E037292E2BC09CA900B6E9B4 /* AppUser.swift */,
				E0A3C8662BC6089800D488B0 /* SavedRoom.swift */,
			);
			path = Models;
			sourceTree = "<group>";
		};
		E074EDD72BC4323A00346D14 /* MainView */ = {
			isa = PBXGroup;
			children = (
				E059FBD22BC35273005AD02C /* MainView.swift */,
			);
			path = MainView;
			sourceTree = "<group>";
		};
		E0B6297A2BCB1F3E0053B718 /* CreateRoom */ = {
			isa = PBXGroup;
			children = (
				E0B6297E2BCB20330053B718 /* RoomCreateLocationView.swift */,
				E01566DA2BCC8FDF0037A960 /* RoomPhotoPicker.swift */,
				E01566DC2BCC9C080037A960 /* CreateRoomView.swift */,
				E0FCC4132BCDA02B0002AF67 /* RoomCreateDetailsView.swift */,
				E0FCC4192BCDC10D0002AF67 /* CreateRoomViewModel.swift */,
			);
			path = CreateRoom;
			sourceTree = "<group>";
		};
		E0D3E4FB2BD6C7AA004B5390 /* UserRoom */ = {
			isa = PBXGroup;
			children = (
				E0D3E4FC2BD6C7C1004B5390 /* UserRoomView.swift */,
				E0D3E4FE2BD6C806004B5390 /* UserRoomViewModel.swift */,
			);
			path = UserRoom;
			sourceTree = "<group>";
		};
		E0EC35662BC57DF500559568 /* Extensions */ = {
			isa = PBXGroup;
			children = (
				E0EC35672BC57E0600559568 /* Encodable.swift */,
			);
			path = Extensions;
			sourceTree = "<group>";
		};
		E0EC356B2BC5856000559568 /* Enums */ = {
			isa = PBXGroup;
			children = (
				E074EDD82BC4327900346D14 /* TabScreen.swift */,
				E06618012BBF04230001723C /* RequestTypes.swift */,
				E0EC356C2BC5856B00559568 /* ImageSize.swift */,
				E0FCC41B2BCDC3170002AF67 /* CreateRoomScreen.swift */,
			);
			path = Enums;
			sourceTree = "<group>";
		};
		E0EC35702BC58ADF00559568 /* Managers */ = {
			isa = PBXGroup;
			children = (
				E0EC35712BC58AF200559568 /* ImageManager.swift */,
			);
			path = Managers;
			sourceTree = "<group>";
		};
		E0EC35732BC58EEB00559568 /* UserSettings */ = {
			isa = PBXGroup;
			children = (
				E0E328D82BC4A42300839513 /* UserSettingsView.swift */,
				E0EC35742BC58F1800559568 /* UserPhotoPicker.swift */,
			);
			path = UserSettings;
			sourceTree = "<group>";
		};
		E0F332512BC1AFEA00FBF9EC /* Views */ = {
			isa = PBXGroup;
			children = (
				E0D3E4FB2BD6C7AA004B5390 /* UserRoom */,
				E0438E742BCF3F5500660AE6 /* RoomDetail */,
				E0B6297A2BCB1F3E0053B718 /* CreateRoom */,
				E0EC35732BC58EEB00559568 /* UserSettings */,
				E074EDD72BC4323A00346D14 /* MainView */,
				E059FBCD2BC351AA005AD02C /* Messages */,
				E059FBC82BC35176005AD02C /* SavedRooms */,
				E059FBC22BC35104005AD02C /* Account */,
				E059FBBC2BC350C8005AD02C /* Home */,
				E0F332532BC1AFF900FBF9EC /* Register */,
				E0F332522BC1AFF000FBF9EC /* Login */,
			);
			path = Views;
			sourceTree = "<group>";
		};
		E0F332522BC1AFF000FBF9EC /* Login */ = {
			isa = PBXGroup;
			children = (
				E04E51D92BC1F97000F71F01 /* GreetingsView.swift */,
				E04E51D32BC1F29C00F71F01 /* LoginView.swift */,
				E04E51D52BC1F2A800F71F01 /* LoginViewModel.swift */,
			);
			path = Login;
			sourceTree = "<group>";
		};
		E0F332532BC1AFF900FBF9EC /* Register */ = {
			isa = PBXGroup;
			children = (
				E0F332542BC1B04600FBF9EC /* RegisterView.swift */,
				E0F332562BC1B05100FBF9EC /* RegisterViewModel.swift */,
			);
			path = Register;
			sourceTree = "<group>";
		};
		E0F332582BC1C58000FBF9EC /* Commons */ = {
			isa = PBXGroup;
			children = (
				E0F332592BC1C58C00FBF9EC /* Views */,
			);
			path = Commons;
			sourceTree = "<group>";
		};
		E0F332592BC1C58C00FBF9EC /* Views */ = {
			isa = PBXGroup;
			children = (
				E00B7F4B2BD2F0BD00637D04 /* RoomItem */,
				E0F332612BC1CF8400FBF9EC /* DateInput.swift */,
				E0F332632BC1D25300FBF9EC /* FormButton.swift */,
				E00DE2962BC4B9A40006AF8A /* ProfilePicture.swift */,
				E0CD1E5A2BCC8A6A0054EC53 /* SearchField.swift */,
				E0FCC4172BCDA9090002AF67 /* FormInput.swift */,
				E019DB372BD5CA9D00F1C467 /* EmptyListView.swift */,
			);
			path = Views;
			sourceTree = "<group>";
		};
/* End PBXGroup section */

/* Begin PBXNativeTarget section */
		E06617CD2BBEFB460001723C /* Roommate */ = {
			isa = PBXNativeTarget;
			buildConfigurationList = E06617F32BBEFB470001723C /* Build configuration list for PBXNativeTarget "Roommate" */;
			buildPhases = (
				E06617CA2BBEFB460001723C /* Sources */,
				E06617CB2BBEFB460001723C /* Frameworks */,
				E06617CC2BBEFB460001723C /* Resources */,
			);
			buildRules = (
			);
			dependencies = (
			);
			name = Roommate;
			productName = Roommate;
			productReference = E06617CE2BBEFB460001723C /* Roommate.app */;
			productType = "com.apple.product-type.application";
		};
		E06617DE2BBEFB470001723C /* RoommateTests */ = {
			isa = PBXNativeTarget;
			buildConfigurationList = E06617F62BBEFB470001723C /* Build configuration list for PBXNativeTarget "RoommateTests" */;
			buildPhases = (
				E06617DB2BBEFB470001723C /* Sources */,
				E06617DC2BBEFB470001723C /* Frameworks */,
				E06617DD2BBEFB470001723C /* Resources */,
			);
			buildRules = (
			);
			dependencies = (
				E06617E12BBEFB470001723C /* PBXTargetDependency */,
			);
			name = RoommateTests;
			productName = RoommateTests;
			productReference = E06617DF2BBEFB470001723C /* RoommateTests.xctest */;
			productType = "com.apple.product-type.bundle.unit-test";
		};
		E06617E82BBEFB470001723C /* RoommateUITests */ = {
			isa = PBXNativeTarget;
			buildConfigurationList = E06617F92BBEFB470001723C /* Build configuration list for PBXNativeTarget "RoommateUITests" */;
			buildPhases = (
				E06617E52BBEFB470001723C /* Sources */,
				E06617E62BBEFB470001723C /* Frameworks */,
				E06617E72BBEFB470001723C /* Resources */,
			);
			buildRules = (
			);
			dependencies = (
				E06617EB2BBEFB470001723C /* PBXTargetDependency */,
			);
			name = RoommateUITests;
			productName = RoommateUITests;
			productReference = E06617E92BBEFB470001723C /* RoommateUITests.xctest */;
			productType = "com.apple.product-type.bundle.ui-testing";
		};
/* End PBXNativeTarget section */

/* Begin PBXProject section */
		E06617C62BBEFB460001723C /* Project object */ = {
			isa = PBXProject;
			attributes = {
				BuildIndependentTargetsInParallel = 1;
				LastSwiftUpdateCheck = 1530;
				LastUpgradeCheck = 1530;
				TargetAttributes = {
					E06617CD2BBEFB460001723C = {
						CreatedOnToolsVersion = 15.3;
					};
					E06617DE2BBEFB470001723C = {
						CreatedOnToolsVersion = 15.3;
						TestTargetID = E06617CD2BBEFB460001723C;
					};
					E06617E82BBEFB470001723C = {
						CreatedOnToolsVersion = 15.3;
						TestTargetID = E06617CD2BBEFB460001723C;
					};
				};
			};
			buildConfigurationList = E06617C92BBEFB460001723C /* Build configuration list for PBXProject "Roommate" */;
			compatibilityVersion = "Xcode 14.0";
			developmentRegion = en;
			hasScannedForEncodings = 0;
			knownRegions = (
				en,
				Base,
			);
			mainGroup = E06617C52BBEFB460001723C;
			productRefGroup = E06617CF2BBEFB460001723C /* Products */;
			projectDirPath = "";
			projectRoot = "";
			targets = (
				E06617CD2BBEFB460001723C /* Roommate */,
				E06617DE2BBEFB470001723C /* RoommateTests */,
				E06617E82BBEFB470001723C /* RoommateUITests */,
			);
		};
/* End PBXProject section */

/* Begin PBXResourcesBuildPhase section */
		E06617CC2BBEFB460001723C /* Resources */ = {
			isa = PBXResourcesBuildPhase;
			buildActionMask = 2147483647;
			files = (
				E06617DA2BBEFB470001723C /* Preview Assets.xcassets in Resources */,
				E06617D62BBEFB470001723C /* Assets.xcassets in Resources */,
			);
			runOnlyForDeploymentPostprocessing = 0;
		};
		E06617DD2BBEFB470001723C /* Resources */ = {
			isa = PBXResourcesBuildPhase;
			buildActionMask = 2147483647;
			files = (
			);
			runOnlyForDeploymentPostprocessing = 0;
		};
		E06617E72BBEFB470001723C /* Resources */ = {
			isa = PBXResourcesBuildPhase;
			buildActionMask = 2147483647;
			files = (
			);
			runOnlyForDeploymentPostprocessing = 0;
		};
/* End PBXResourcesBuildPhase section */

/* Begin PBXSourcesBuildPhase section */
		E06617CA2BBEFB460001723C /* Sources */ = {
			isa = PBXSourcesBuildPhase;
			buildActionMask = 2147483647;
			files = (
				E06617D42BBEFB460001723C /* ContentView.swift in Sources */,
				E00B7F542BD2F2AF00637D04 /* TestRoomData.swift in Sources */,
				E00B7F4D2BD2F0CD00637D04 /* RoomItem.swift in Sources */,
				E00B7F562BD2F4E300637D04 /* RoomMap.swift in Sources */,
				E0FCC41A2BCDC10D0002AF67 /* CreateRoomViewModel.swift in Sources */,
				E0D3E4FF2BD6C806004B5390 /* UserRoomViewModel.swift in Sources */,
				E0F332572BC1B05100FBF9EC /* RegisterViewModel.swift in Sources */,
				E0FCC4182BCDA9090002AF67 /* FormInput.swift in Sources */,
				E059FBC02BC350E1005AD02C /* HomeViewModel.swift in Sources */,
				E00DE2972BC4B9A40006AF8A /* ProfilePicture.swift in Sources */,
				E06618042BBF04C10001723C /* QueryObjects.swift in Sources */,
				E01566DB2BCC8FDF0037A960 /* RoomPhotoPicker.swift in Sources */,
				E019DB382BD5CA9D00F1C467 /* EmptyListView.swift in Sources */,
				E00B7F5C2BD3087A00637D04 /* RoomProps.swift in Sources */,
				E059FBCC2BC351A1005AD02C /* SavedRoomsViewModel.swift in Sources */,
				E0E328D92BC4A42300839513 /* UserSettingsView.swift in Sources */,
				E0FCC4142BCDA02B0002AF67 /* RoomCreateDetailsView.swift in Sources */,
				E0438E782BCF3FC500660AE6 /* RoomDetailViewModel.swift in Sources */,
				E059FBCA2BC35191005AD02C /* SavedRoomsView.swift in Sources */,
				E0D3E4FD2BD6C7C1004B5390 /* UserRoomView.swift in Sources */,
				E0F332552BC1B04600FBF9EC /* RegisterView.swift in Sources */,
				E059FBC62BC35126005AD02C /* AccountView.swift in Sources */,
				E0FCC41C2BCDC3170002AF67 /* CreateRoomScreen.swift in Sources */,
				E0EC356D2BC5856B00559568 /* ImageSize.swift in Sources */,
				E059FBD32BC35273005AD02C /* MainView.swift in Sources */,
				E00B7F4F2BD2F1BA00637D04 /* RoomImages.swift in Sources */,
				E06618092BBF07240001723C /* Room.swift in Sources */,
				E0EC35752BC58F1800559568 /* UserPhotoPicker.swift in Sources */,
				E059FBD12BC351C3005AD02C /* MessagesView.swift in Sources */,
				E037292F2BC09CA900B6E9B4 /* AppUser.swift in Sources */,
				E059FBCF2BC351BC005AD02C /* MessagesViewModel.swift in Sources */,
				E06618072BBF06940001723C /* User.swift in Sources */,
				E0A3C8672BC6089800D488B0 /* SavedRoom.swift in Sources */,
				E04E51DA2BC1F97000F71F01 /* GreetingsView.swift in Sources */,
				E0F332602BC1CF6200FBF9EC /* Utils.swift in Sources */,
				E0F332642BC1D25300FBF9EC /* FormButton.swift in Sources */,
				E0EC35722BC58AF200559568 /* ImageManager.swift in Sources */,
				E06617FF2BBF03E60001723C /* DataManager.swift in Sources */,
				E06617D22BBEFB460001723C /* RoommateApp.swift in Sources */,
				E0E328DB2BC4B0A500839513 /* ChangePasswordView.swift in Sources */,
				E03729322BC09D0600B6E9B4 /* UserProtocol.swift in Sources */,
				E0B6297F2BCB20330053B718 /* RoomCreateLocationView.swift in Sources */,
				E0EC35682BC57E0600559568 /* Encodable.swift in Sources */,
				E074EDD92BC4327900346D14 /* TabScreen.swift in Sources */,
				E0CD1E5B2BCC8A6A0054EC53 /* SearchField.swift in Sources */,
				E00B7F512BD2F24E00637D04 /* RoomAddressInfo.swift in Sources */,
				E0C8FFF42BD40B250098D4BD /* FilterSelectionView.swift in Sources */,
				E066180B2BBF0D520001723C /* Endpoints.swift in Sources */,
				E0F332622BC1CF8400FBF9EC /* DateInput.swift in Sources */,
				E066180F2BBF1DD90001723C /* UserManager.swift in Sources */,
				E06618112BBF20E10001723C /* RoomManager.swift in Sources */,
				E04E51D42BC1F29C00F71F01 /* LoginView.swift in Sources */,
				E01566DD2BCC9C080037A960 /* CreateRoomView.swift in Sources */,
				E0438E762BCF3FB700660AE6 /* RoomDetailView.swift in Sources */,
				E059FBBE2BC350D6005AD02C /* HomeView.swift in Sources */,
				E0A3C8632BC6080F00D488B0 /* RoomProtocol.swift in Sources */,
				E06618022BBF04230001723C /* RequestTypes.swift in Sources */,
				E059FBC42BC3511B005AD02C /* AccountViewModel.swift in Sources */,
				E04E51D62BC1F2A800F71F01 /* LoginViewModel.swift in Sources */,
			);
			runOnlyForDeploymentPostprocessing = 0;
		};
		E06617DB2BBEFB470001723C /* Sources */ = {
			isa = PBXSourcesBuildPhase;
			buildActionMask = 2147483647;
			files = (
				E06617E42BBEFB470001723C /* RoommateTests.swift in Sources */,
			);
			runOnlyForDeploymentPostprocessing = 0;
		};
		E06617E52BBEFB470001723C /* Sources */ = {
			isa = PBXSourcesBuildPhase;
			buildActionMask = 2147483647;
			files = (
				E06617F02BBEFB470001723C /* RoommateUITestsLaunchTests.swift in Sources */,
				E06617EE2BBEFB470001723C /* RoommateUITests.swift in Sources */,
			);
			runOnlyForDeploymentPostprocessing = 0;
		};
/* End PBXSourcesBuildPhase section */

/* Begin PBXTargetDependency section */
		E06617E12BBEFB470001723C /* PBXTargetDependency */ = {
			isa = PBXTargetDependency;
			target = E06617CD2BBEFB460001723C /* Roommate */;
			targetProxy = E06617E02BBEFB470001723C /* PBXContainerItemProxy */;
		};
		E06617EB2BBEFB470001723C /* PBXTargetDependency */ = {
			isa = PBXTargetDependency;
			target = E06617CD2BBEFB460001723C /* Roommate */;
			targetProxy = E06617EA2BBEFB470001723C /* PBXContainerItemProxy */;
		};
/* End PBXTargetDependency section */

/* Begin XCBuildConfiguration section */
		E06617F12BBEFB470001723C /* Debug */ = {
			isa = XCBuildConfiguration;
			buildSettings = {
				ALWAYS_SEARCH_USER_PATHS = NO;
				ASSETCATALOG_COMPILER_GENERATE_SWIFT_ASSET_SYMBOL_EXTENSIONS = YES;
				CLANG_ANALYZER_NONNULL = YES;
				CLANG_ANALYZER_NUMBER_OBJECT_CONVERSION = YES_AGGRESSIVE;
				CLANG_CXX_LANGUAGE_STANDARD = "gnu++20";
				CLANG_ENABLE_MODULES = YES;
				CLANG_ENABLE_OBJC_ARC = YES;
				CLANG_ENABLE_OBJC_WEAK = YES;
				CLANG_WARN_BLOCK_CAPTURE_AUTORELEASING = YES;
				CLANG_WARN_BOOL_CONVERSION = YES;
				CLANG_WARN_COMMA = YES;
				CLANG_WARN_CONSTANT_CONVERSION = YES;
				CLANG_WARN_DEPRECATED_OBJC_IMPLEMENTATIONS = YES;
				CLANG_WARN_DIRECT_OBJC_ISA_USAGE = YES_ERROR;
				CLANG_WARN_DOCUMENTATION_COMMENTS = YES;
				CLANG_WARN_EMPTY_BODY = YES;
				CLANG_WARN_ENUM_CONVERSION = YES;
				CLANG_WARN_INFINITE_RECURSION = YES;
				CLANG_WARN_INT_CONVERSION = YES;
				CLANG_WARN_NON_LITERAL_NULL_CONVERSION = YES;
				CLANG_WARN_OBJC_IMPLICIT_RETAIN_SELF = YES;
				CLANG_WARN_OBJC_LITERAL_CONVERSION = YES;
				CLANG_WARN_OBJC_ROOT_CLASS = YES_ERROR;
				CLANG_WARN_QUOTED_INCLUDE_IN_FRAMEWORK_HEADER = YES;
				CLANG_WARN_RANGE_LOOP_ANALYSIS = YES;
				CLANG_WARN_STRICT_PROTOTYPES = YES;
				CLANG_WARN_SUSPICIOUS_MOVE = YES;
				CLANG_WARN_UNGUARDED_AVAILABILITY = YES_AGGRESSIVE;
				CLANG_WARN_UNREACHABLE_CODE = YES;
				CLANG_WARN__DUPLICATE_METHOD_MATCH = YES;
				COPY_PHASE_STRIP = NO;
				DEBUG_INFORMATION_FORMAT = dwarf;
				ENABLE_STRICT_OBJC_MSGSEND = YES;
				ENABLE_TESTABILITY = YES;
				ENABLE_USER_SCRIPT_SANDBOXING = YES;
				GCC_C_LANGUAGE_STANDARD = gnu17;
				GCC_DYNAMIC_NO_PIC = NO;
				GCC_NO_COMMON_BLOCKS = YES;
				GCC_OPTIMIZATION_LEVEL = 0;
				GCC_PREPROCESSOR_DEFINITIONS = (
					"DEBUG=1",
					"$(inherited)",
				);
				GCC_WARN_64_TO_32_BIT_CONVERSION = YES;
				GCC_WARN_ABOUT_RETURN_TYPE = YES_ERROR;
				GCC_WARN_UNDECLARED_SELECTOR = YES;
				GCC_WARN_UNINITIALIZED_AUTOS = YES_AGGRESSIVE;
				GCC_WARN_UNUSED_FUNCTION = YES;
				GCC_WARN_UNUSED_VARIABLE = YES;
				LOCALIZATION_PREFERS_STRING_CATALOGS = YES;
				MTL_ENABLE_DEBUG_INFO = INCLUDE_SOURCE;
				MTL_FAST_MATH = YES;
				ONLY_ACTIVE_ARCH = YES;
				SWIFT_ACTIVE_COMPILATION_CONDITIONS = "DEBUG $(inherited)";
				SWIFT_OPTIMIZATION_LEVEL = "-Onone";
			};
			name = Debug;
		};
		E06617F22BBEFB470001723C /* Release */ = {
			isa = XCBuildConfiguration;
			buildSettings = {
				ALWAYS_SEARCH_USER_PATHS = NO;
				ASSETCATALOG_COMPILER_GENERATE_SWIFT_ASSET_SYMBOL_EXTENSIONS = YES;
				CLANG_ANALYZER_NONNULL = YES;
				CLANG_ANALYZER_NUMBER_OBJECT_CONVERSION = YES_AGGRESSIVE;
				CLANG_CXX_LANGUAGE_STANDARD = "gnu++20";
				CLANG_ENABLE_MODULES = YES;
				CLANG_ENABLE_OBJC_ARC = YES;
				CLANG_ENABLE_OBJC_WEAK = YES;
				CLANG_WARN_BLOCK_CAPTURE_AUTORELEASING = YES;
				CLANG_WARN_BOOL_CONVERSION = YES;
				CLANG_WARN_COMMA = YES;
				CLANG_WARN_CONSTANT_CONVERSION = YES;
				CLANG_WARN_DEPRECATED_OBJC_IMPLEMENTATIONS = YES;
				CLANG_WARN_DIRECT_OBJC_ISA_USAGE = YES_ERROR;
				CLANG_WARN_DOCUMENTATION_COMMENTS = YES;
				CLANG_WARN_EMPTY_BODY = YES;
				CLANG_WARN_ENUM_CONVERSION = YES;
				CLANG_WARN_INFINITE_RECURSION = YES;
				CLANG_WARN_INT_CONVERSION = YES;
				CLANG_WARN_NON_LITERAL_NULL_CONVERSION = YES;
				CLANG_WARN_OBJC_IMPLICIT_RETAIN_SELF = YES;
				CLANG_WARN_OBJC_LITERAL_CONVERSION = YES;
				CLANG_WARN_OBJC_ROOT_CLASS = YES_ERROR;
				CLANG_WARN_QUOTED_INCLUDE_IN_FRAMEWORK_HEADER = YES;
				CLANG_WARN_RANGE_LOOP_ANALYSIS = YES;
				CLANG_WARN_STRICT_PROTOTYPES = YES;
				CLANG_WARN_SUSPICIOUS_MOVE = YES;
				CLANG_WARN_UNGUARDED_AVAILABILITY = YES_AGGRESSIVE;
				CLANG_WARN_UNREACHABLE_CODE = YES;
				CLANG_WARN__DUPLICATE_METHOD_MATCH = YES;
				COPY_PHASE_STRIP = NO;
				DEBUG_INFORMATION_FORMAT = "dwarf-with-dsym";
				ENABLE_NS_ASSERTIONS = NO;
				ENABLE_STRICT_OBJC_MSGSEND = YES;
				ENABLE_USER_SCRIPT_SANDBOXING = YES;
				GCC_C_LANGUAGE_STANDARD = gnu17;
				GCC_NO_COMMON_BLOCKS = YES;
				GCC_WARN_64_TO_32_BIT_CONVERSION = YES;
				GCC_WARN_ABOUT_RETURN_TYPE = YES_ERROR;
				GCC_WARN_UNDECLARED_SELECTOR = YES;
				GCC_WARN_UNINITIALIZED_AUTOS = YES_AGGRESSIVE;
				GCC_WARN_UNUSED_FUNCTION = YES;
				GCC_WARN_UNUSED_VARIABLE = YES;
				LOCALIZATION_PREFERS_STRING_CATALOGS = YES;
				MTL_ENABLE_DEBUG_INFO = NO;
				MTL_FAST_MATH = YES;
				SWIFT_COMPILATION_MODE = wholemodule;
			};
			name = Release;
		};
		E06617F42BBEFB470001723C /* Debug */ = {
			isa = XCBuildConfiguration;
			buildSettings = {
				ASSETCATALOG_COMPILER_APPICON_NAME = AppIcon;
				ASSETCATALOG_COMPILER_GLOBAL_ACCENT_COLOR_NAME = AccentColor;
				CODE_SIGN_ENTITLEMENTS = Roommate/Roommate.entitlements;
				CODE_SIGN_STYLE = Automatic;
				CURRENT_PROJECT_VERSION = 1;
				DEVELOPMENT_ASSET_PATHS = "\"Roommate/Preview Content\"";
				DEVELOPMENT_TEAM = D2K63N33AC;
				ENABLE_HARDENED_RUNTIME = YES;
				ENABLE_PREVIEWS = YES;
				GENERATE_INFOPLIST_FILE = YES;
				INFOPLIST_KEY_NSLocationAlwaysAndWhenInUseUsageDescription = "We need to get your location for our features";
				INFOPLIST_KEY_NSLocationAlwaysUsageDescription = "We need to get your location for our features";
				INFOPLIST_KEY_NSLocationUsageDescription = "We need to get your location for our features";
				INFOPLIST_KEY_NSLocationWhenInUseUsageDescription = "We need to get your location for our features";
				"INFOPLIST_KEY_UIApplicationSceneManifest_Generation[sdk=iphoneos*]" = YES;
				"INFOPLIST_KEY_UIApplicationSceneManifest_Generation[sdk=iphonesimulator*]" = YES;
				"INFOPLIST_KEY_UIApplicationSupportsIndirectInputEvents[sdk=iphoneos*]" = YES;
				"INFOPLIST_KEY_UIApplicationSupportsIndirectInputEvents[sdk=iphonesimulator*]" = YES;
				"INFOPLIST_KEY_UILaunchScreen_Generation[sdk=iphoneos*]" = YES;
				"INFOPLIST_KEY_UILaunchScreen_Generation[sdk=iphonesimulator*]" = YES;
				"INFOPLIST_KEY_UIStatusBarStyle[sdk=iphoneos*]" = UIStatusBarStyleDefault;
				"INFOPLIST_KEY_UIStatusBarStyle[sdk=iphonesimulator*]" = UIStatusBarStyleDefault;
				INFOPLIST_KEY_UISupportedInterfaceOrientations_iPad = "UIInterfaceOrientationPortrait UIInterfaceOrientationPortraitUpsideDown UIInterfaceOrientationLandscapeLeft UIInterfaceOrientationLandscapeRight";
				INFOPLIST_KEY_UISupportedInterfaceOrientations_iPhone = "UIInterfaceOrientationPortrait UIInterfaceOrientationLandscapeLeft UIInterfaceOrientationLandscapeRight";
				IPHONEOS_DEPLOYMENT_TARGET = 17.4;
				LD_RUNPATH_SEARCH_PATHS = "@executable_path/Frameworks";
				"LD_RUNPATH_SEARCH_PATHS[sdk=macosx*]" = "@executable_path/../Frameworks";
				MACOSX_DEPLOYMENT_TARGET = 14.4;
				MARKETING_VERSION = 1.0;
				PRODUCT_BUNDLE_IDENTIFIER = com.azizkzgn.Roommate;
				PRODUCT_NAME = "$(TARGET_NAME)";
				SDKROOT = auto;
				SUPPORTED_PLATFORMS = "iphoneos iphonesimulator macosx";
				SWIFT_EMIT_LOC_STRINGS = YES;
				SWIFT_VERSION = 5.0;
				TARGETED_DEVICE_FAMILY = "1,2";
			};
			name = Debug;
		};
		E06617F52BBEFB470001723C /* Release */ = {
			isa = XCBuildConfiguration;
			buildSettings = {
				ASSETCATALOG_COMPILER_APPICON_NAME = AppIcon;
				ASSETCATALOG_COMPILER_GLOBAL_ACCENT_COLOR_NAME = AccentColor;
				CODE_SIGN_ENTITLEMENTS = Roommate/Roommate.entitlements;
				CODE_SIGN_STYLE = Automatic;
				CURRENT_PROJECT_VERSION = 1;
				DEVELOPMENT_ASSET_PATHS = "\"Roommate/Preview Content\"";
				DEVELOPMENT_TEAM = D2K63N33AC;
				ENABLE_HARDENED_RUNTIME = YES;
				ENABLE_PREVIEWS = YES;
				GENERATE_INFOPLIST_FILE = YES;
				INFOPLIST_KEY_NSLocationAlwaysAndWhenInUseUsageDescription = "We need to get your location for our features";
				INFOPLIST_KEY_NSLocationAlwaysUsageDescription = "We need to get your location for our features";
				INFOPLIST_KEY_NSLocationUsageDescription = "We need to get your location for our features";
				INFOPLIST_KEY_NSLocationWhenInUseUsageDescription = "We need to get your location for our features";
				"INFOPLIST_KEY_UIApplicationSceneManifest_Generation[sdk=iphoneos*]" = YES;
				"INFOPLIST_KEY_UIApplicationSceneManifest_Generation[sdk=iphonesimulator*]" = YES;
				"INFOPLIST_KEY_UIApplicationSupportsIndirectInputEvents[sdk=iphoneos*]" = YES;
				"INFOPLIST_KEY_UIApplicationSupportsIndirectInputEvents[sdk=iphonesimulator*]" = YES;
				"INFOPLIST_KEY_UILaunchScreen_Generation[sdk=iphoneos*]" = YES;
				"INFOPLIST_KEY_UILaunchScreen_Generation[sdk=iphonesimulator*]" = YES;
				"INFOPLIST_KEY_UIStatusBarStyle[sdk=iphoneos*]" = UIStatusBarStyleDefault;
				"INFOPLIST_KEY_UIStatusBarStyle[sdk=iphonesimulator*]" = UIStatusBarStyleDefault;
				INFOPLIST_KEY_UISupportedInterfaceOrientations_iPad = "UIInterfaceOrientationPortrait UIInterfaceOrientationPortraitUpsideDown UIInterfaceOrientationLandscapeLeft UIInterfaceOrientationLandscapeRight";
				INFOPLIST_KEY_UISupportedInterfaceOrientations_iPhone = "UIInterfaceOrientationPortrait UIInterfaceOrientationLandscapeLeft UIInterfaceOrientationLandscapeRight";
				IPHONEOS_DEPLOYMENT_TARGET = 17.4;
				LD_RUNPATH_SEARCH_PATHS = "@executable_path/Frameworks";
				"LD_RUNPATH_SEARCH_PATHS[sdk=macosx*]" = "@executable_path/../Frameworks";
				MACOSX_DEPLOYMENT_TARGET = 14.4;
				MARKETING_VERSION = 1.0;
				PRODUCT_BUNDLE_IDENTIFIER = com.azizkzgn.Roommate;
				PRODUCT_NAME = "$(TARGET_NAME)";
				SDKROOT = auto;
				SUPPORTED_PLATFORMS = "iphoneos iphonesimulator macosx";
				SWIFT_EMIT_LOC_STRINGS = YES;
				SWIFT_VERSION = 5.0;
				TARGETED_DEVICE_FAMILY = "1,2";
			};
			name = Release;
		};
		E06617F72BBEFB470001723C /* Debug */ = {
			isa = XCBuildConfiguration;
			buildSettings = {
				ALWAYS_EMBED_SWIFT_STANDARD_LIBRARIES = YES;
				BUNDLE_LOADER = "$(TEST_HOST)";
				CODE_SIGN_STYLE = Automatic;
				CURRENT_PROJECT_VERSION = 1;
				DEVELOPMENT_TEAM = D2K63N33AC;
				GENERATE_INFOPLIST_FILE = YES;
				IPHONEOS_DEPLOYMENT_TARGET = 17.4;
				MACOSX_DEPLOYMENT_TARGET = 14.4;
				MARKETING_VERSION = 1.0;
				PRODUCT_BUNDLE_IDENTIFIER = com.azizkzgn.RoommateTests;
				PRODUCT_NAME = "$(TARGET_NAME)";
				SDKROOT = auto;
				SUPPORTED_PLATFORMS = "iphoneos iphonesimulator macosx";
				SWIFT_EMIT_LOC_STRINGS = NO;
				SWIFT_VERSION = 5.0;
				TARGETED_DEVICE_FAMILY = "1,2";
				TEST_HOST = "$(BUILT_PRODUCTS_DIR)/Roommate.app/$(BUNDLE_EXECUTABLE_FOLDER_PATH)/Roommate";
			};
			name = Debug;
		};
		E06617F82BBEFB470001723C /* Release */ = {
			isa = XCBuildConfiguration;
			buildSettings = {
				ALWAYS_EMBED_SWIFT_STANDARD_LIBRARIES = YES;
				BUNDLE_LOADER = "$(TEST_HOST)";
				CODE_SIGN_STYLE = Automatic;
				CURRENT_PROJECT_VERSION = 1;
				DEVELOPMENT_TEAM = D2K63N33AC;
				GENERATE_INFOPLIST_FILE = YES;
				IPHONEOS_DEPLOYMENT_TARGET = 17.4;
				MACOSX_DEPLOYMENT_TARGET = 14.4;
				MARKETING_VERSION = 1.0;
				PRODUCT_BUNDLE_IDENTIFIER = com.azizkzgn.RoommateTests;
				PRODUCT_NAME = "$(TARGET_NAME)";
				SDKROOT = auto;
				SUPPORTED_PLATFORMS = "iphoneos iphonesimulator macosx";
				SWIFT_EMIT_LOC_STRINGS = NO;
				SWIFT_VERSION = 5.0;
				TARGETED_DEVICE_FAMILY = "1,2";
				TEST_HOST = "$(BUILT_PRODUCTS_DIR)/Roommate.app/$(BUNDLE_EXECUTABLE_FOLDER_PATH)/Roommate";
			};
			name = Release;
		};
		E06617FA2BBEFB470001723C /* Debug */ = {
			isa = XCBuildConfiguration;
			buildSettings = {
				ALWAYS_EMBED_SWIFT_STANDARD_LIBRARIES = YES;
				CODE_SIGN_STYLE = Automatic;
				CURRENT_PROJECT_VERSION = 1;
				DEVELOPMENT_TEAM = D2K63N33AC;
				GENERATE_INFOPLIST_FILE = YES;
				IPHONEOS_DEPLOYMENT_TARGET = 17.4;
				MACOSX_DEPLOYMENT_TARGET = 14.4;
				MARKETING_VERSION = 1.0;
				PRODUCT_BUNDLE_IDENTIFIER = com.azizkzgn.RoommateUITests;
				PRODUCT_NAME = "$(TARGET_NAME)";
				SDKROOT = auto;
				SUPPORTED_PLATFORMS = "iphoneos iphonesimulator macosx";
				SWIFT_EMIT_LOC_STRINGS = NO;
				SWIFT_VERSION = 5.0;
				TARGETED_DEVICE_FAMILY = "1,2";
				TEST_TARGET_NAME = Roommate;
			};
			name = Debug;
		};
		E06617FB2BBEFB470001723C /* Release */ = {
			isa = XCBuildConfiguration;
			buildSettings = {
				ALWAYS_EMBED_SWIFT_STANDARD_LIBRARIES = YES;
				CODE_SIGN_STYLE = Automatic;
				CURRENT_PROJECT_VERSION = 1;
				DEVELOPMENT_TEAM = D2K63N33AC;
				GENERATE_INFOPLIST_FILE = YES;
				IPHONEOS_DEPLOYMENT_TARGET = 17.4;
				MACOSX_DEPLOYMENT_TARGET = 14.4;
				MARKETING_VERSION = 1.0;
				PRODUCT_BUNDLE_IDENTIFIER = com.azizkzgn.RoommateUITests;
				PRODUCT_NAME = "$(TARGET_NAME)";
				SDKROOT = auto;
				SUPPORTED_PLATFORMS = "iphoneos iphonesimulator macosx";
				SWIFT_EMIT_LOC_STRINGS = NO;
				SWIFT_VERSION = 5.0;
				TARGETED_DEVICE_FAMILY = "1,2";
				TEST_TARGET_NAME = Roommate;
			};
			name = Release;
		};
/* End XCBuildConfiguration section */

/* Begin XCConfigurationList section */
		E06617C92BBEFB460001723C /* Build configuration list for PBXProject "Roommate" */ = {
			isa = XCConfigurationList;
			buildConfigurations = (
				E06617F12BBEFB470001723C /* Debug */,
				E06617F22BBEFB470001723C /* Release */,
			);
			defaultConfigurationIsVisible = 0;
			defaultConfigurationName = Release;
		};
		E06617F32BBEFB470001723C /* Build configuration list for PBXNativeTarget "Roommate" */ = {
			isa = XCConfigurationList;
			buildConfigurations = (
				E06617F42BBEFB470001723C /* Debug */,
				E06617F52BBEFB470001723C /* Release */,
			);
			defaultConfigurationIsVisible = 0;
			defaultConfigurationName = Release;
		};
		E06617F62BBEFB470001723C /* Build configuration list for PBXNativeTarget "RoommateTests" */ = {
			isa = XCConfigurationList;
			buildConfigurations = (
				E06617F72BBEFB470001723C /* Debug */,
				E06617F82BBEFB470001723C /* Release */,
			);
			defaultConfigurationIsVisible = 0;
			defaultConfigurationName = Release;
		};
		E06617F92BBEFB470001723C /* Build configuration list for PBXNativeTarget "RoommateUITests" */ = {
			isa = XCConfigurationList;
			buildConfigurations = (
				E06617FA2BBEFB470001723C /* Debug */,
				E06617FB2BBEFB470001723C /* Release */,
			);
			defaultConfigurationIsVisible = 0;
			defaultConfigurationName = Release;
		};
/* End XCConfigurationList section */
	};
	rootObject = E06617C62BBEFB460001723C /* Project object */;
}
